
Microsoft Visual Studio Solution File, Format Version 12.00
# Visual Studio Version 16
VisualStudioVersion = 16.0.31410.357
MinimumVisualStudioVersion = 10.0.40219.1
Project("{FAE04EC0-301F-11D3-BF4B-00C04F79EFBC}") = "GoogleAdsV8Test", "GoogleAdsV8Test\GoogleAdsV8Test.csproj", "{B96B7B70-0F8D-4961-BDC9-75B84BA7C117}"
EndProject
Project("{FAE04EC0-301F-11D3-BF4B-00C04F79EFBC}") = "Implementations", "Implementations\Implementations.csproj", "{AB2FDDFF-244E-46AC-98E1-3CD301079876}"
EndProject
Global
	GlobalSection(SolutionConfigurationPlatforms) = preSolution
		Debug|Any CPU = Debug|Any CPU
		Release|Any CPU = Release|Any CPU
	EndGlobalSection
	GlobalSection(ProjectConfigurationPlatforms) = postSolution
		{B96B7B70-0F8D-4961-BDC9-75B84BA7C117}.Debug|Any CPU.ActiveCfg = Debug|Any CPU
		{B96B7B70-0F8D-4961-BDC9-75B84BA7C117}.Debug|Any CPU.Build.0 = Debug|Any CPU
		{B96B7B70-0F8D-4961-BDC9-75B84BA7C117}.Release|Any CPU.ActiveCfg = Release|Any CPU
		{B96B7B70-0F8D-4961-BDC9-75B84BA7C117}.Release|Any CPU.Build.0 = Release|Any CPU
		{AB2FDDFF-244E-46AC-98E1-3CD301079876}.Debug|Any CPU.ActiveCfg = Debug|Any CPU
		{AB2FDDFF-244E-46AC-98E1-3CD301079876}.Debug|Any CPU.Build.0 = Debug|Any CPU
		{AB2FDDFF-244E-46AC-98E1-3CD301079876}.Release|Any CPU.ActiveCfg = Release|Any CPU
		{AB2FDDFF-244E-46AC-98E1-3CD301079876}.Release|Any CPU.Build.0 = Release|Any CPU
	EndGlobalSection
	GlobalSection(SolutionProperties) = preSolution
		HideSolutionNode = FALSE
	EndGlobalSection
	GlobalSection(ExtensibilityGlobals) = postSolution
		SolutionGuid = {3BAFB707-5E65-4B66-89B5-34A605343893}
	EndGlobalSection
EndGlobal
